
Microsoft Visual Studio Solution File, Format Version 12.00
# Visual Studio Version 17
VisualStudioVersion = 17.3.32901.215
MinimumVisualStudioVersion = 10.0.40219.1
Project("{FAE04EC0-301F-11D3-BF4B-00C04F79EFBC}") = "Client", "Client.csproj", "{F081FA41-736E-441B-9B1E-BDA3645BA083}"
EndProject
Project("{FAE04EC0-301F-11D3-BF4B-00C04F79EFBC}") = "Server", "..\Server\Server.csproj", "{DC98B9A6-E7D2-43D9-A3DE-DCAEE7396766}"
EndProject
Global
	GlobalSection(SolutionConfigurationPlatforms) = preSolution
		Debug|Any CPU = Debug|Any CPU
		Release|Any CPU = Release|Any CPU
	EndGlobalSection
	GlobalSection(ProjectConfigurationPlatforms) = postSolution
		{F081FA41-736E-441B-9B1E-BDA3645BA083}.Debug|Any CPU.ActiveCfg = Debug|Any CPU
		{F081FA41-736E-441B-9B1E-BDA3645BA083}.Debug|Any CPU.Build.0 = Debug|Any CPU
		{F081FA41-736E-441B-9B1E-BDA3645BA083}.Release|Any CPU.ActiveCfg = Release|Any CPU
		{F081FA41-736E-441B-9B1E-BDA3645BA083}.Release|Any CPU.Build.0 = Release|Any CPU
		{DC98B9A6-E7D2-43D9-A3DE-DCAEE7396766}.Debug|Any CPU.ActiveCfg = Debug|Any CPU
		{DC98B9A6-E7D2-43D9-A3DE-DCAEE7396766}.Debug|Any CPU.Build.0 = Debug|Any CPU
		{DC98B9A6-E7D2-43D9-A3DE-DCAEE7396766}.Release|Any CPU.ActiveCfg = Release|Any CPU
		{DC98B9A6-E7D2-43D9-A3DE-DCAEE7396766}.Release|Any CPU.Build.0 = Release|Any CPU
	EndGlobalSection
	GlobalSection(SolutionProperties) = preSolution
		HideSolutionNode = FALSE
	EndGlobalSection
	GlobalSection(ExtensibilityGlobals) = postSolution
		SolutionGuid = {8C58A819-1682-4618-ADF1-3EE872250A74}
	EndGlobalSection
EndGlobal
